
Microsoft Visual Studio Solution File, Format Version 12.00
# Visual Studio Version 17
VisualStudioVersion = 17.7.34221.43
MinimumVisualStudioVersion = 10.0.40219.1
Project("{FAE04EC0-301F-11D3-BF4B-00C04F79EFBC}") = "MTCG", "MTCG\MTCG.csproj", "{8691B187-D2EB-4686-8D0D-12F9E893F2ED}"
EndProject
Global
	GlobalSection(SolutionConfigurationPlatforms) = preSolution
		Debug|Any CPU = Debug|Any CPU
		Release|Any CPU = Release|Any CPU
	EndGlobalSection
	GlobalSection(ProjectConfigurationPlatforms) = postSolution
		{8691B187-D2EB-4686-8D0D-12F9E893F2ED}.Debug|Any CPU.ActiveCfg = Debug|Any CPU
		{8691B187-D2EB-4686-8D0D-12F9E893F2ED}.Debug|Any CPU.Build.0 = Debug|Any CPU
		{8691B187-D2EB-4686-8D0D-12F9E893F2ED}.Release|Any CPU.ActiveCfg = Release|Any CPU
		{8691B187-D2EB-4686-8D0D-12F9E893F2ED}.Release|Any CPU.Build.0 = Release|Any CPU
	EndGlobalSection
	GlobalSection(SolutionProperties) = preSolution
		HideSolutionNode = FALSE
	EndGlobalSection
	GlobalSection(ExtensibilityGlobals) = postSolution
		SolutionGuid = {55A916F7-CEFC-4A2E-B856-097B3C02DFAB}
	EndGlobalSection
EndGlobal
